
Microsoft Visual Studio Solution File, Format Version 12.00
# Visual Studio Version 16
VisualStudioVersion = 16.0.29306.81
MinimumVisualStudioVersion = 10.0.40219.1
Project("{FAE04EC0-301F-11D3-BF4B-00C04F79EFBC}") = "6 in 1", "6 in 1.csproj", "{CDAAE29C-96B7-41ED-8800-9646B60DE4E2}"
EndProject
Global
	GlobalSection(SolutionConfigurationPlatforms) = preSolution
		Debug|Any CPU = Debug|Any CPU
		Release|Any CPU = Release|Any CPU
	EndGlobalSection
	GlobalSection(ProjectConfigurationPlatforms) = postSolution
		{CDAAE29C-96B7-41ED-8800-9646B60DE4E2}.Debug|Any CPU.ActiveCfg = Debug|Any CPU
		{CDAAE29C-96B7-41ED-8800-9646B60DE4E2}.Debug|Any CPU.Build.0 = Debug|Any CPU
		{CDAAE29C-96B7-41ED-8800-9646B60DE4E2}.Release|Any CPU.ActiveCfg = Release|Any CPU
		{CDAAE29C-96B7-41ED-8800-9646B60DE4E2}.Release|Any CPU.Build.0 = Release|Any CPU
	EndGlobalSection
	GlobalSection(SolutionProperties) = preSolution
		HideSolutionNode = FALSE
	EndGlobalSection
	GlobalSection(ExtensibilityGlobals) = postSolution
		SolutionGuid = {5EDFAB26-FD29-405E-B53E-F3C27A142872}
	EndGlobalSection
EndGlobal
