
Microsoft Visual Studio Solution File, Format Version 12.00
# Visual Studio Version 16
VisualStudioVersion = 16.0.29306.81
MinimumVisualStudioVersion = 10.0.40219.1
Project("{FAE04EC0-301F-11D3-BF4B-00C04F79EFBC}") = "Mathtool v. 2.0", "Mathtool v. 2.0.csproj", "{88BF26D2-BEAA-40CB-B6BB-EF6E79CF5653}"
EndProject
Global
	GlobalSection(SolutionConfigurationPlatforms) = preSolution
		Debug|Any CPU = Debug|Any CPU
		Release|Any CPU = Release|Any CPU
	EndGlobalSection
	GlobalSection(ProjectConfigurationPlatforms) = postSolution
		{88BF26D2-BEAA-40CB-B6BB-EF6E79CF5653}.Debug|Any CPU.ActiveCfg = Debug|Any CPU
		{88BF26D2-BEAA-40CB-B6BB-EF6E79CF5653}.Debug|Any CPU.Build.0 = Debug|Any CPU
		{88BF26D2-BEAA-40CB-B6BB-EF6E79CF5653}.Release|Any CPU.ActiveCfg = Release|Any CPU
		{88BF26D2-BEAA-40CB-B6BB-EF6E79CF5653}.Release|Any CPU.Build.0 = Release|Any CPU
	EndGlobalSection
	GlobalSection(SolutionProperties) = preSolution
		HideSolutionNode = FALSE
	EndGlobalSection
	GlobalSection(ExtensibilityGlobals) = postSolution
		SolutionGuid = {1F27F2CF-B9A1-4BE9-BD48-34E2969A5CDE}
	EndGlobalSection
EndGlobal
